// !$*UTF8*$!
{
	archiveVersion = 1;
	classes = {
	};
	objectVersion = 46;
	objects = {

/* Begin PBXBuildFile section */
		367FDED01D18C49C00E7BAAB /* AppDelegate.swift in Sources */ = {isa = PBXBuildFile; fileRef = 367FDECF1D18C49C00E7BAAB /* AppDelegate.swift */; };
		367FDED21D18C49C00E7BAAB /* ImageCollectionViewController.swift in Sources */ = {isa = PBXBuildFile; fileRef = 367FDED11D18C49C00E7BAAB /* ImageCollectionViewController.swift */; };
		367FDED51D18C49C00E7BAAB /* Main.storyboard in Resources */ = {isa = PBXBuildFile; fileRef = 367FDED31D18C49C00E7BAAB /* Main.storyboard */; };
		367FDED71D18C49C00E7BAAB /* Assets.xcassets in Resources */ = {isa = PBXBuildFile; fileRef = 367FDED61D18C49C00E7BAAB /* Assets.xcassets */; };
		367FDEDA1D18C49C00E7BAAB /* LaunchScreen.storyboard in Resources */ = {isa = PBXBuildFile; fileRef = 367FDED81D18C49C00E7BAAB /* LaunchScreen.storyboard */; };
		367FDEE21D18CAF400E7BAAB /* FlickrPhoto.swift in Sources */ = {isa = PBXBuildFile; fileRef = 367FDEE11D18CAF400E7BAAB /* FlickrPhoto.swift */; };
		367FDEE41D18D06400E7BAAB /* Router.swift in Sources */ = {isa = PBXBuildFile; fileRef = 367FDEE31D18D06400E7BAAB /* Router.swift */; };
		367FDEE61D19A65900E7BAAB /* PhotoManager.swift in Sources */ = {isa = PBXBuildFile; fileRef = 367FDEE51D19A65900E7BAAB /* PhotoManager.swift */; };
		FB9A9C006CCEDBEAEB775FAB /* Pods_ImageCollection.framework in Frameworks */ = {isa = PBXBuildFile; fileRef = A07002686CCB02439E95452D /* Pods_ImageCollection.framework */; };
/* End PBXBuildFile section */

/* Begin PBXFileReference section */
		367FDECC1D18C49C00E7BAAB /* ImageCollection.app */ = {isa = PBXFileReference; explicitFileType = wrapper.application; includeInIndex = 0; path = ImageCollection.app; sourceTree = BUILT_PRODUCTS_DIR; };
		367FDECF1D18C49C00E7BAAB /* AppDelegate.swift */ = {isa = PBXFileReference; lastKnownFileType = sourcecode.swift; path = AppDelegate.swift; sourceTree = "<group>"; };
		367FDED11D18C49C00E7BAAB /* ImageCollectionViewController.swift */ = {isa = PBXFileReference; lastKnownFileType = sourcecode.swift; path = ImageCollectionViewController.swift; sourceTree = "<group>"; };
		367FDED41D18C49C00E7BAAB /* Base */ = {isa = PBXFileReference; lastKnownFileType = file.storyboard; name = Base; path = Base.lproj/Main.storyboard; sourceTree = "<group>"; };
		367FDED61D18C49C00E7BAAB /* Assets.xcassets */ = {isa = PBXFileReference; lastKnownFileType = folder.assetcatalog; path = Assets.xcassets; sourceTree = "<group>"; };
		367FDED91D18C49C00E7BAAB /* Base */ = {isa = PBXFileReference; lastKnownFileType = file.storyboard; name = Base; path = Base.lproj/LaunchScreen.storyboard; sourceTree = "<group>"; };
		367FDEDB1D18C49C00E7BAAB /* Info.plist */ = {isa = PBXFileReference; lastKnownFileType = text.plist.xml; path = Info.plist; sourceTree = "<group>"; };
		367FDEE11D18CAF400E7BAAB /* FlickrPhoto.swift */ = {isa = PBXFileReference; fileEncoding = 4; lastKnownFileType = sourcecode.swift; path = FlickrPhoto.swift; sourceTree = "<group>"; };
		367FDEE31D18D06400E7BAAB /* Router.swift */ = {isa = PBXFileReference; fileEncoding = 4; lastKnownFileType = sourcecode.swift; path = Router.swift; sourceTree = "<group>"; };
		367FDEE51D19A65900E7BAAB /* PhotoManager.swift */ = {isa = PBXFileReference; fileEncoding = 4; lastKnownFileType = sourcecode.swift; path = PhotoManager.swift; sourceTree = "<group>"; };
		4AED724B9E8CD03D4C4E9D27 /* Pods-ImageCollection.release.xcconfig */ = {isa = PBXFileReference; includeInIndex = 1; lastKnownFileType = text.xcconfig; name = "Pods-ImageCollection.release.xcconfig"; path = "Pods/Target Support Files/Pods-ImageCollection/Pods-ImageCollection.release.xcconfig"; sourceTree = "<group>"; };
		A07002686CCB02439E95452D /* Pods_ImageCollection.framework */ = {isa = PBXFileReference; explicitFileType = wrapper.framework; includeInIndex = 0; path = Pods_ImageCollection.framework; sourceTree = BUILT_PRODUCTS_DIR; };
		AB7365A5047AC65DD57CD0DB /* Pods-ImageCollection.debug.xcconfig */ = {isa = PBXFileReference; includeInIndex = 1; lastKnownFileType = text.xcconfig; name = "Pods-ImageCollection.debug.xcconfig"; path = "Pods/Target Support Files/Pods-ImageCollection/Pods-ImageCollection.debug.xcconfig"; sourceTree = "<group>"; };
/* End PBXFileReference section */

/* Begin PBXFrameworksBuildPhase section */
		367FDEC91D18C49C00E7BAAB /* Frameworks */ = {
			isa = PBXFrameworksBuildPhase;
			buildActionMask = 2147483647;
			files = (
				FB9A9C006CCEDBEAEB775FAB /* Pods_ImageCollection.framework in Frameworks */,
			);
			runOnlyForDeploymentPostprocessing = 0;
		};
/* End PBXFrameworksBuildPhase section */

/* Begin PBXGroup section */
		16823442C5F374E2FAD60A48 /* Frameworks */ = {
			isa = PBXGroup;
			children = (
				A07002686CCB02439E95452D /* Pods_ImageCollection.framework */,
			);
			name = Frameworks;
			sourceTree = "<group>";
		};
		367FDEC31D18C49C00E7BAAB = {
			isa = PBXGroup;
			children = (
				367FDECE1D18C49C00E7BAAB /* ImageCollection */,
				367FDECD1D18C49C00E7BAAB /* Products */,
				6DD529EB576CD904BFD27BAB /* Pods */,
				16823442C5F374E2FAD60A48 /* Frameworks */,
			);
			sourceTree = "<group>";
		};
		367FDECD1D18C49C00E7BAAB /* Products */ = {
			isa = PBXGroup;
			children = (
				367FDECC1D18C49C00E7BAAB /* ImageCollection.app */,
			);
			name = Products;
			sourceTree = "<group>";
		};
		367FDECE1D18C49C00E7BAAB /* ImageCollection */ = {
			isa = PBXGroup;
			children = (
				367FDECF1D18C49C00E7BAAB /* AppDelegate.swift */,
				367FDED11D18C49C00E7BAAB /* ImageCollectionViewController.swift */,
				367FDED31D18C49C00E7BAAB /* Main.storyboard */,
				367FDED61D18C49C00E7BAAB /* Assets.xcassets */,
				367FDED81D18C49C00E7BAAB /* LaunchScreen.storyboard */,
				367FDEDB1D18C49C00E7BAAB /* Info.plist */,
				367FDEE11D18CAF400E7BAAB /* FlickrPhoto.swift */,
				367FDEE31D18D06400E7BAAB /* Router.swift */,
				367FDEE51D19A65900E7BAAB /* PhotoManager.swift */,
			);
			path = ImageCollection;
			sourceTree = "<group>";
		};
		6DD529EB576CD904BFD27BAB /* Pods */ = {
			isa = PBXGroup;
			children = (
				AB7365A5047AC65DD57CD0DB /* Pods-ImageCollection.debug.xcconfig */,
				4AED724B9E8CD03D4C4E9D27 /* Pods-ImageCollection.release.xcconfig */,
			);
			name = Pods;
			sourceTree = "<group>";
		};
/* End PBXGroup section */

/* Begin PBXNativeTarget section */
		367FDECB1D18C49C00E7BAAB /* ImageCollection */ = {
			isa = PBXNativeTarget;
			buildConfigurationList = 367FDEDE1D18C49C00E7BAAB /* Build configuration list for PBXNativeTarget "ImageCollection" */;
			buildPhases = (
				8B3B2F9B44F680A7E6D8E552 /* 📦 Check Pods Manifest.lock */,
				367FDEC81D18C49C00E7BAAB /* Sources */,
				367FDEC91D18C49C00E7BAAB /* Frameworks */,
				367FDECA1D18C49C00E7BAAB /* Resources */,
				6056772B6C83A19D3AB45F84 /* 📦 Embed Pods Frameworks */,
				C2EF3E8BC6836FBFA50B99AB /* 📦 Copy Pods Resources */,
			);
			buildRules = (
			);
			dependencies = (
			);
			name = ImageCollection;
			productName = ImageCollection;
			productReference = 367FDECC1D18C49C00E7BAAB /* ImageCollection.app */;
			productType = "com.apple.product-type.application";
		};
/* End PBXNativeTarget section */

/* Begin PBXProject section */
		367FDEC41D18C49C00E7BAAB /* Project object */ = {
			isa = PBXProject;
			attributes = {
				LastSwiftUpdateCheck = 0730;
				LastUpgradeCheck = 0730;
				ORGANIZATIONNAME = "Scattered Cloud Software";
				TargetAttributes = {
					367FDECB1D18C49C00E7BAAB = {
						CreatedOnToolsVersion = 7.3;
						DevelopmentTeam = SPV89U654R;
					};
				};
			};
			buildConfigurationList = 367FDEC71D18C49C00E7BAAB /* Build configuration list for PBXProject "ImageCollection" */;
			compatibilityVersion = "Xcode 3.2";
			developmentRegion = English;
			hasScannedForEncodings = 0;
			knownRegions = (
				en,
				Base,
			);
			mainGroup = 367FDEC31D18C49C00E7BAAB;
			productRefGroup = 367FDECD1D18C49C00E7BAAB /* Products */;
			projectDirPath = "";
			projectRoot = "";
			targets = (
				367FDECB1D18C49C00E7BAAB /* ImageCollection */,
			);
		};
/* End PBXProject section */

/* Begin PBXResourcesBuildPhase section */
		367FDECA1D18C49C00E7BAAB /* Resources */ = {
			isa = PBXResourcesBuildPhase;
			buildActionMask = 2147483647;
			files = (
				367FDEDA1D18C49C00E7BAAB /* LaunchScreen.storyboard in Resources */,
				367FDED71D18C49C00E7BAAB /* Assets.xcassets in Resources */,
				367FDED51D18C49C00E7BAAB /* Main.storyboard in Resources */,
			);
			runOnlyForDeploymentPostprocessing = 0;
		};
/* End PBXResourcesBuildPhase section */

/* Begin PBXShellScriptBuildPhase section */
		6056772B6C83A19D3AB45F84 /* 📦 Embed Pods Frameworks */ = {
			isa = PBXShellScriptBuildPhase;
			buildActionMask = 2147483647;
			files = (
			);
			inputPaths = (
			);
			name = "📦 Embed Pods Frameworks";
			outputPaths = (
			);
			runOnlyForDeploymentPostprocessing = 0;
			shellPath = /bin/sh;
			shellScript = "\"${SRCROOT}/Pods/Target Support Files/Pods-ImageCollection/Pods-ImageCollection-frameworks.sh\"\n";
			showEnvVarsInLog = 0;
		};
		8B3B2F9B44F680A7E6D8E552 /* 📦 Check Pods Manifest.lock */ = {
			isa = PBXShellScriptBuildPhase;
			buildActionMask = 2147483647;
			files = (
			);
			inputPaths = (
			);
			name = "📦 Check Pods Manifest.lock";
			outputPaths = (
			);
			runOnlyForDeploymentPostprocessing = 0;
			shellPath = /bin/sh;
			shellScript = "diff \"${PODS_ROOT}/../Podfile.lock\" \"${PODS_ROOT}/Manifest.lock\" > /dev/null\nif [[ $? != 0 ]] ; then\n    cat << EOM\nerror: The sandbox is not in sync with the Podfile.lock. Run 'pod install' or update your CocoaPods installation.\nEOM\n    exit 1\nfi\n";
			showEnvVarsInLog = 0;
		};
		C2EF3E8BC6836FBFA50B99AB /* 📦 Copy Pods Resources */ = {
			isa = PBXShellScriptBuildPhase;
			buildActionMask = 2147483647;
			files = (
			);
			inputPaths = (
			);
			name = "📦 Copy Pods Resources";
			outputPaths = (
			);
			runOnlyForDeploymentPostprocessing = 0;
			shellPath = /bin/sh;
			shellScript = "\"${SRCROOT}/Pods/Target Support Files/Pods-ImageCollection/Pods-ImageCollection-resources.sh\"\n";
			showEnvVarsInLog = 0;
		};
/* End PBXShellScriptBuildPhase section */

/* Begin PBXSourcesBuildPhase section */
		367FDEC81D18C49C00E7BAAB /* Sources */ = {
			isa = PBXSourcesBuildPhase;
			buildActionMask = 2147483647;
			files = (
				367FDEE41D18D06400E7BAAB /* Router.swift in Sources */,
				367FDED21D18C49C00E7BAAB /* ImageCollectionViewController.swift in Sources */,
				367FDEE21D18CAF400E7BAAB /* FlickrPhoto.swift in Sources */,
				367FDEE61D19A65900E7BAAB /* PhotoManager.swift in Sources */,
				367FDED01D18C49C00E7BAAB /* AppDelegate.swift in Sources */,
			);
			runOnlyForDeploymentPostprocessing = 0;
		};
/* End PBXSourcesBuildPhase section */

/* Begin PBXVariantGroup section */
		367FDED31D18C49C00E7BAAB /* Main.storyboard */ = {
			isa = PBXVariantGroup;
			children = (
				367FDED41D18C49C00E7BAAB /* Base */,
			);
			name = Main.storyboard;
			sourceTree = "<group>";
		};
		367FDED81D18C49C00E7BAAB /* LaunchScreen.storyboard */ = {
			isa = PBXVariantGroup;
			children = (
				367FDED91D18C49C00E7BAAB /* Base */,
			);
			name = LaunchScreen.storyboard;
			sourceTree = "<group>";
		};
/* End PBXVariantGroup section */

/* Begin XCBuildConfiguration section */
		367FDEDC1D18C49C00E7BAAB /* Debug */ = {
			isa = XCBuildConfiguration;
			buildSettings = {
				ALWAYS_SEARCH_USER_PATHS = NO;
				CLANG_ANALYZER_NONNULL = YES;
				CLANG_CXX_LANGUAGE_STANDARD = "gnu++0x";
				CLANG_CXX_LIBRARY = "libc++";
				CLANG_ENABLE_MODULES = YES;
				CLANG_ENABLE_OBJC_ARC = YES;
				CLANG_WARN_BOOL_CONVERSION = YES;
				CLANG_WARN_CONSTANT_CONVERSION = YES;
				CLANG_WARN_DIRECT_OBJC_ISA_USAGE = YES_ERROR;
				CLANG_WARN_EMPTY_BODY = YES;
				CLANG_WARN_ENUM_CONVERSION = YES;
				CLANG_WARN_INT_CONVERSION = YES;
				CLANG_WARN_OBJC_ROOT_CLASS = YES_ERROR;
				CLANG_WARN_UNREACHABLE_CODE = YES;
				CLANG_WARN__DUPLICATE_METHOD_MATCH = YES;
				"CODE_SIGN_IDENTITY[sdk=iphoneos*]" = "iPhone Developer";
				COPY_PHASE_STRIP = NO;
				DEBUG_INFORMATION_FORMAT = dwarf;
				ENABLE_STRICT_OBJC_MSGSEND = YES;
				ENABLE_TESTABILITY = YES;
				GCC_C_LANGUAGE_STANDARD = gnu99;
				GCC_DYNAMIC_NO_PIC = NO;
				GCC_NO_COMMON_BLOCKS = YES;
				GCC_OPTIMIZATION_LEVEL = 0;
				GCC_PREPROCESSOR_DEFINITIONS = (
					"DEBUG=1",
					"$(inherited)",
				);
				GCC_WARN_64_TO_32_BIT_CONVERSION = YES;
				GCC_WARN_ABOUT_RETURN_TYPE = YES_ERROR;
				GCC_WARN_UNDECLARED_SELECTOR = YES;
				GCC_WARN_UNINITIALIZED_AUTOS = YES_AGGRESSIVE;
				GCC_WARN_UNUSED_FUNCTION = YES;
				GCC_WARN_UNUSED_VARIABLE = YES;
				IPHONEOS_DEPLOYMENT_TARGET = 9.3;
				MTL_ENABLE_DEBUG_INFO = YES;
				ONLY_ACTIVE_ARCH = YES;
				SDKROOT = iphoneos;
				SWIFT_OPTIMIZATION_LEVEL = "-Onone";
				TARGETED_DEVICE_FAMILY = "1,2";
			};
			name = Debug;
		};
		367FDEDD1D18C49C00E7BAAB /* Release */ = {
			isa = XCBuildConfiguration;
			buildSettings = {
				ALWAYS_SEARCH_USER_PATHS = NO;
				CLANG_ANALYZER_NONNULL = YES;
				CLANG_CXX_LANGUAGE_STANDARD = "gnu++0x";
				CLANG_CXX_LIBRARY = "libc++";
				CLANG_ENABLE_MODULES = YES;
				CLANG_ENABLE_OBJC_ARC = YES;
				CLANG_WARN_BOOL_CONVERSION = YES;
				CLANG_WARN_CONSTANT_CONVERSION = YES;
				CLANG_WARN_DIRECT_OBJC_ISA_USAGE = YES_ERROR;
				CLANG_WARN_EMPTY_BODY = YES;
				CLANG_WARN_ENUM_CONVERSION = YES;
				CLANG_WARN_INT_CONVERSION = YES;
				CLANG_WARN_OBJC_ROOT_CLASS = YES_ERROR;
				CLANG_WARN_UNREACHABLE_CODE = YES;
				CLANG_WARN__DUPLICATE_METHOD_MATCH = YES;
				"CODE_SIGN_IDENTITY[sdk=iphoneos*]" = "iPhone Developer";
				COPY_PHASE_STRIP = NO;
				DEBUG_INFORMATION_FORMAT = "dwarf-with-dsym";
				ENABLE_NS_ASSERTIONS = NO;
				ENABLE_STRICT_OBJC_MSGSEND = YES;
				GCC_C_LANGUAGE_STANDARD = gnu99;
				GCC_NO_COMMON_BLOCKS = YES;
				GCC_WARN_64_TO_32_BIT_CONVERSION = YES;
				GCC_WARN_ABOUT_RETURN_TYPE = YES_ERROR;
				GCC_WARN_UNDECLARED_SELECTOR = YES;
				GCC_WARN_UNINITIALIZED_AUTOS = YES_AGGRESSIVE;
				GCC_WARN_UNUSED_FUNCTION = YES;
				GCC_WARN_UNUSED_VARIABLE = YES;
				IPHONEOS_DEPLOYMENT_TARGET = 9.3;
				MTL_ENABLE_DEBUG_INFO = NO;
				SDKROOT = iphoneos;
				TARGETED_DEVICE_FAMILY = "1,2";
				VALIDATE_PRODUCT = YES;
			};
			name = Release;
		};
		367FDEDF1D18C49C00E7BAAB /* Debug */ = {
			isa = XCBuildConfiguration;
			baseConfigurationReference = AB7365A5047AC65DD57CD0DB /* Pods-ImageCollection.debug.xcconfig */;
			buildSettings = {
				ASSETCATALOG_COMPILER_APPICON_NAME = AppIcon;
				INFOPLIST_FILE = ImageCollection/Info.plist;
				LD_RUNPATH_SEARCH_PATHS = "$(inherited) @executable_path/Frameworks";
				PRODUCT_BUNDLE_IDENTIFIER = com.scatteredcloudsoftware.ImageCollection;
				PRODUCT_NAME = "$(TARGET_NAME)";
			};
			name = Debug;
		};
		367FDEE01D18C49C00E7BAAB /* Release */ = {
			isa = XCBuildConfiguration;
			baseConfigurationReference = 4AED724B9E8CD03D4C4E9D27 /* Pods-ImageCollection.release.xcconfig */;
			buildSettings = {
				ASSETCATALOG_COMPILER_APPICON_NAME = AppIcon;
				INFOPLIST_FILE = ImageCollection/Info.plist;
				LD_RUNPATH_SEARCH_PATHS = "$(inherited) @executable_path/Frameworks";
				PRODUCT_BUNDLE_IDENTIFIER = com.scatteredcloudsoftware.ImageCollection;
				PRODUCT_NAME = "$(TARGET_NAME)";
			};
			name = Release;
		};
/* End XCBuildConfiguration section */

/* Begin XCConfigurationList section */
		367FDEC71D18C49C00E7BAAB /* Build configuration list for PBXProject "ImageCollection" */ = {
			isa = XCConfigurationList;
			buildConfigurations = (
				367FDEDC1D18C49C00E7BAAB /* Debug */,
				367FDEDD1D18C49C00E7BAAB /* Release */,
			);
			defaultConfigurationIsVisible = 0;
			defaultConfigurationName = Release;
		};
		367FDEDE1D18C49C00E7BAAB /* Build configuration list for PBXNativeTarget "ImageCollection" */ = {
			isa = XCConfigurationList;
			buildConfigurations = (
				367FDEDF1D18C49C00E7BAAB /* Debug */,
				367FDEE01D18C49C00E7BAAB /* Release */,
			);
			defaultConfigurationIsVisible = 0;
			defaultConfigurationName = Release;
		};
/* End XCConfigurationList section */
	};
	rootObject = 367FDEC41D18C49C00E7BAAB /* Project object */;
}
