// !$*UTF8*$!
{
	archiveVersion = 1;
	classes = {
	};
	objectVersion = 46;
	objects = {

/* Begin PBXBuildFile section */
		367FDED01D18C49C00E7BAAB /* AppDelegate.swift in Sources */ = {isa = PBXBuildFile; fileRef = 367FDECF1D18C49C00E7BAAB /* AppDelegate.swift */; };
		367FDED21D18C49C00E7BAAB /* ViewController.swift in Sources */ = {isa = PBXBuildFile; fileRef = 367FDED11D18C49C00E7BAAB /* ViewController.swift */; };
		367FDED51D18C49C00E7BAAB /* Main.storyboard in Resources */ = {isa = PBXBuildFile; fileRef = 367FDED31D18C49C00E7BAAB /* Main.storyboard */; };
		367FDED71D18C49C00E7BAAB /* Assets.xcassets in Resources */ = {isa = PBXBuildFile; fileRef = 367FDED61D18C49C00E7BAAB /* Assets.xcassets */; };
		367FDEDA1D18C49C00E7BAAB /* LaunchScreen.storyboard in Resources */ = {isa = PBXBuildFile; fileRef = 367FDED81D18C49C00E7BAAB /* LaunchScreen.storyboard */; };
/* End PBXBuildFile section */

/* Begin PBXFileReference section */
		367FDECC1D18C49C00E7BAAB /* ImageCollection.app */ = {isa = PBXFileReference; explicitFileType = wrapper.application; includeInIndex = 0; path = ImageCollection.app; sourceTree = BUILT_PRODUCTS_DIR; };
		367FDECF1D18C49C00E7BAAB /* AppDelegate.swift */ = {isa = PBXFileReference; lastKnownFileType = sourcecode.swift; path = AppDelegate.swift; sourceTree = "<group>"; };
		367FDED11D18C49C00E7BAAB /* ViewController.swift */ = {isa = PBXFileReference; lastKnownFileType = sourcecode.swift; path = ViewController.swift; sourceTree = "<group>"; };
		367FDED41D18C49C00E7BAAB /* Base */ = {isa = PBXFileReference; lastKnownFileType = file.storyboard; name = Base; path = Base.lproj/Main.storyboard; sourceTree = "<group>"; };
		367FDED61D18C49C00E7BAAB /* Assets.xcassets */ = {isa = PBXFileReference; lastKnownFileType = folder.assetcatalog; path = Assets.xcassets; sourceTree = "<group>"; };
		367FDED91D18C49C00E7BAAB /* Base */ = {isa = PBXFileReference; lastKnownFileType = file.storyboard; name = Base; path = Base.lproj/LaunchScreen.storyboard; sourceTree = "<group>"; };
		367FDEDB1D18C49C00E7BAAB /* Info.plist */ = {isa = PBXFileReference; lastKnownFileType = text.plist.xml; path = Info.plist; sourceTree = "<group>"; };
/* End PBXFileReference section */

/* Begin PBXFrameworksBuildPhase section */
		367FDEC91D18C49C00E7BAAB /* Frameworks */ = {
			isa = PBXFrameworksBuildPhase;
			buildActionMask = 2147483647;
			files = (
			);
			runOnlyForDeploymentPostprocessing = 0;
		};
/* End PBXFrameworksBuildPhase section */

/* Begin PBXGroup section */
		367FDEC31D18C49C00E7BAAB = {
			isa = PBXGroup;
			children = (
				367FDECE1D18C49C00E7BAAB /* ImageCollection */,
				367FDECD1D18C49C00E7BAAB /* Products */,
			);
			sourceTree = "<group>";
		};
		367FDECD1D18C49C00E7BAAB /* Products */ = {
			isa = PBXGroup;
			children = (
				367FDECC1D18C49C00E7BAAB /* ImageCollection.app */,
			);
			name = Products;
			sourceTree = "<group>";
		};
		367FDECE1D18C49C00E7BAAB /* ImageCollection */ = {
			isa = PBXGroup;
			children = (
				367FDECF1D18C49C00E7BAAB /* AppDelegate.swift */,
				367FDED11D18C49C00E7BAAB /* ViewController.swift */,
				367FDED31D18C49C00E7BAAB /* Main.storyboard */,
				367FDED61D18C49C00E7BAAB /* Assets.xcassets */,
				367FDED81D18C49C00E7BAAB /* LaunchScreen.storyboard */,
				367FDEDB1D18C49C00E7BAAB /* Info.plist */,
			);
			path = ImageCollection;
			sourceTree = "<group>";
		};
/* End PBXGroup section */

/* Begin PBXNativeTarget section */
		367FDECB1D18C49C00E7BAAB /* ImageCollection */ = {
			isa = PBXNativeTarget;
			buildConfigurationList = 367FDEDE1D18C49C00E7BAAB /* Build configuration list for PBXNativeTarget "ImageCollection" */;
			buildPhases = (
				367FDEC81D18C49C00E7BAAB /* Sources */,
				367FDEC91D18C49C00E7BAAB /* Frameworks */,
				367FDECA1D18C49C00E7BAAB /* Resources */,
			);
			buildRules = (
			);
			dependencies = (
			);
			name = ImageCollection;
			productName = ImageCollection;
			productReference = 367FDECC1D18C49C00E7BAAB /* ImageCollection.app */;
			productType = "com.apple.product-type.application";
		};
/* End PBXNativeTarget section */

/* Begin PBXProject section */
		367FDEC41D18C49C00E7BAAB /* Project object */ = {
			isa = PBXProject;
			attributes = {
				LastSwiftUpdateCheck = 0730;
				LastUpgradeCheck = 0730;
				ORGANIZATIONNAME = "Scattered Cloud Software";
				TargetAttributes = {
					367FDECB1D18C49C00E7BAAB = {
						CreatedOnToolsVersion = 7.3;
						DevelopmentTeam = SPV89U654R;
					};
				};
			};
			buildConfigurationList = 367FDEC71D18C49C00E7BAAB /* Build configuration list for PBXProject "ImageCollection" */;
			compatibilityVersion = "Xcode 3.2";
			developmentRegion = English;
			hasScannedForEncodings = 0;
			knownRegions = (
				en,
				Base,
			);
			mainGroup = 367FDEC31D18C49C00E7BAAB;
			productRefGroup = 367FDECD1D18C49C00E7BAAB /* Products */;
			projectDirPath = "";
			projectRoot = "";
			targets = (
				367FDECB1D18C49C00E7BAAB /* ImageCollection */,
			);
		};
/* End PBXProject section */

/* Begin PBXResourcesBuildPhase section */
		367FDECA1D18C49C00E7BAAB /* Resources */ = {
			isa = PBXResourcesBuildPhase;
			buildActionMask = 2147483647;
			files = (
				367FDEDA1D18C49C00E7BAAB /* LaunchScreen.storyboard in Resources */,
				367FDED71D18C49C00E7BAAB /* Assets.xcassets in Resources */,
				367FDED51D18C49C00E7BAAB /* Main.storyboard in Resources */,
			);
			runOnlyForDeploymentPostprocessing = 0;
		};
/* End PBXResourcesBuildPhase section */

/* Begin PBXSourcesBuildPhase section */
		367FDEC81D18C49C00E7BAAB /* Sources */ = {
			isa = PBXSourcesBuildPhase;
			buildActionMask = 2147483647;
			files = (
				367FDED21D18C49C00E7BAAB /* ViewController.swift in Sources */,
				367FDED01D18C49C00E7BAAB /* AppDelegate.swift in Sources */,
			);
			runOnlyForDeploymentPostprocessing = 0;
		};
/* End PBXSourcesBuildPhase section */

/* Begin PBXVariantGroup section */
		367FDED31D18C49C00E7BAAB /* Main.storyboard */ = {
			isa = PBXVariantGroup;
			children = (
				367FDED41D18C49C00E7BAAB /* Base */,
			);
			name = Main.storyboard;
			sourceTree = "<group>";
		};
		367FDED81D18C49C00E7BAAB /* LaunchScreen.storyboard */ = {
			isa = PBXVariantGroup;
			children = (
				367FDED91D18C49C00E7BAAB /* Base */,
			);
			name = LaunchScreen.storyboard;
			sourceTree = "<group>";
		};
/* End PBXVariantGroup section */

/* Begin XCBuildConfiguration section */
		367FDEDC1D18C49C00E7BAAB /* Debug */ = {
			isa = XCBuildConfiguration;
			buildSettings = {
				ALWAYS_SEARCH_USER_PATHS = NO;
				CLANG_ANALYZER_NONNULL = YES;
				CLANG_CXX_LANGUAGE_STANDARD = "gnu++0x";
				CLANG_CXX_LIBRARY = "libc++";
				CLANG_ENABLE_MODULES = YES;
				CLANG_ENABLE_OBJC_ARC = YES;
				CLANG_WARN_BOOL_CONVERSION = YES;
				CLANG_WARN_CONSTANT_CONVERSION = YES;
				CLANG_WARN_DIRECT_OBJC_ISA_USAGE = YES_ERROR;
				CLANG_WARN_EMPTY_BODY = YES;
				CLANG_WARN_ENUM_CONVERSION = YES;
				CLANG_WARN_INT_CONVERSION = YES;
				CLANG_WARN_OBJC_ROOT_CLASS = YES_ERROR;
				CLANG_WARN_UNREACHABLE_CODE = YES;
				CLANG_WARN__DUPLICATE_METHOD_MATCH = YES;
				"CODE_SIGN_IDENTITY[sdk=iphoneos*]" = "iPhone Developer";
				COPY_PHASE_STRIP = NO;
				DEBUG_INFORMATION_FORMAT = dwarf;
				ENABLE_STRICT_OBJC_MSGSEND = YES;
				ENABLE_TESTABILITY = YES;
				GCC_C_LANGUAGE_STANDARD = gnu99;
				GCC_DYNAMIC_NO_PIC = NO;
				GCC_NO_COMMON_BLOCKS = YES;
				GCC_OPTIMIZATION_LEVEL = 0;
				GCC_PREPROCESSOR_DEFINITIONS = (
					"DEBUG=1",
					"$(inherited)",
				);
				GCC_WARN_64_TO_32_BIT_CONVERSION = YES;
				GCC_WARN_ABOUT_RETURN_TYPE = YES_ERROR;
				GCC_WARN_UNDECLARED_SELECTOR = YES;
				GCC_WARN_UNINITIALIZED_AUTOS = YES_AGGRESSIVE;
				GCC_WARN_UNUSED_FUNCTION = YES;
				GCC_WARN_UNUSED_VARIABLE = YES;
				IPHONEOS_DEPLOYMENT_TARGET = 9.3;
				MTL_ENABLE_DEBUG_INFO = YES;
				ONLY_ACTIVE_ARCH = YES;
				SDKROOT = iphoneos;
				SWIFT_OPTIMIZATION_LEVEL = "-Onone";
				TARGETED_DEVICE_FAMILY = "1,2";
			};
			name = Debug;
		};
		367FDEDD1D18C49C00E7BAAB /* Release */ = {
			isa = XCBuildConfiguration;
			buildSettings = {
				ALWAYS_SEARCH_USER_PATHS = NO;
				CLANG_ANALYZER_NONNULL = YES;
				CLANG_CXX_LANGUAGE_STANDARD = "gnu++0x";
				CLANG_CXX_LIBRARY = "libc++";
				CLANG_ENABLE_MODULES = YES;
				CLANG_ENABLE_OBJC_ARC = YES;
				CLANG_WARN_BOOL_CONVERSION = YES;
				CLANG_WARN_CONSTANT_CONVERSION = YES;
				CLANG_WARN_DIRECT_OBJC_ISA_USAGE = YES_ERROR;
				CLANG_WARN_EMPTY_BODY = YES;
				CLANG_WARN_ENUM_CONVERSION = YES;
				CLANG_WARN_INT_CONVERSION = YES;
				CLANG_WARN_OBJC_ROOT_CLASS = YES_ERROR;
				CLANG_WARN_UNREACHABLE_CODE = YES;
				CLANG_WARN__DUPLICATE_METHOD_MATCH = YES;
				"CODE_SIGN_IDENTITY[sdk=iphoneos*]" = "iPhone Developer";
				COPY_PHASE_STRIP = NO;
				DEBUG_INFORMATION_FORMAT = "dwarf-with-dsym";
				ENABLE_NS_ASSERTIONS = NO;
				ENABLE_STRICT_OBJC_MSGSEND = YES;
				GCC_C_LANGUAGE_STANDARD = gnu99;
				GCC_NO_COMMON_BLOCKS = YES;
				GCC_WARN_64_TO_32_BIT_CONVERSION = YES;
				GCC_WARN_ABOUT_RETURN_TYPE = YES_ERROR;
				GCC_WARN_UNDECLARED_SELECTOR = YES;
				GCC_WARN_UNINITIALIZED_AUTOS = YES_AGGRESSIVE;
				GCC_WARN_UNUSED_FUNCTION = YES;
				GCC_WARN_UNUSED_VARIABLE = YES;
				IPHONEOS_DEPLOYMENT_TARGET = 9.3;
				MTL_ENABLE_DEBUG_INFO = NO;
				SDKROOT = iphoneos;
				TARGETED_DEVICE_FAMILY = "1,2";
				VALIDATE_PRODUCT = YES;
			};
			name = Release;
		};
		367FDEDF1D18C49C00E7BAAB /* Debug */ = {
			isa = XCBuildConfiguration;
			buildSettings = {
				ASSETCATALOG_COMPILER_APPICON_NAME = AppIcon;
				INFOPLIST_FILE = ImageCollection/Info.plist;
				LD_RUNPATH_SEARCH_PATHS = "$(inherited) @executable_path/Frameworks";
				PRODUCT_BUNDLE_IDENTIFIER = com.scatteredcloudsoftware.ImageCollection;
				PRODUCT_NAME = "$(TARGET_NAME)";
			};
			name = Debug;
		};
		367FDEE01D18C49C00E7BAAB /* Release */ = {
			isa = XCBuildConfiguration;
			buildSettings = {
				ASSETCATALOG_COMPILER_APPICON_NAME = AppIcon;
				INFOPLIST_FILE = ImageCollection/Info.plist;
				LD_RUNPATH_SEARCH_PATHS = "$(inherited) @executable_path/Frameworks";
				PRODUCT_BUNDLE_IDENTIFIER = com.scatteredcloudsoftware.ImageCollection;
				PRODUCT_NAME = "$(TARGET_NAME)";
			};
			name = Release;
		};
/* End XCBuildConfiguration section */

/* Begin XCConfigurationList section */
		367FDEC71D18C49C00E7BAAB /* Build configuration list for PBXProject "ImageCollection" */ = {
			isa = XCConfigurationList;
			buildConfigurations = (
				367FDEDC1D18C49C00E7BAAB /* Debug */,
				367FDEDD1D18C49C00E7BAAB /* Release */,
			);
			defaultConfigurationIsVisible = 0;
			defaultConfigurationName = Release;
		};
		367FDEDE1D18C49C00E7BAAB /* Build configuration list for PBXNativeTarget "ImageCollection" */ = {
			isa = XCConfigurationList;
			buildConfigurations = (
				367FDEDF1D18C49C00E7BAAB /* Debug */,
				367FDEE01D18C49C00E7BAAB /* Release */,
			);
			defaultConfigurationIsVisible = 0;
		};
/* End XCConfigurationList section */
	};
	rootObject = 367FDEC41D18C49C00E7BAAB /* Project object */;
}
